
Microsoft Visual Studio Solution File, Format Version 12.00
# Visual Studio 15
VisualStudioVersion = 15.0.27703.2000
MinimumVisualStudioVersion = 10.0.40219.1
Project("{FAE04EC0-301F-11D3-BF4B-00C04F79EFBC}") = "Admin", "Admin\Admin.csproj", "{9FBA258A-0A3F-45EB-BE5B-B469BCB94596}"
EndProject
Project("{FAE04EC0-301F-11D3-BF4B-00C04F79EFBC}") = "Teacher", "Teacher\Teacher.csproj", "{967B1CD9-B6E3-463F-834B-830EB71DEE5B}"
EndProject
Project("{FAE04EC0-301F-11D3-BF4B-00C04F79EFBC}") = "Student", "Student\Student.csproj", "{7F02D1FB-6228-42D1-ADA0-5B8B20AD0D1E}"
EndProject
Project("{FAE04EC0-301F-11D3-BF4B-00C04F79EFBC}") = "Login", "Login\Login.csproj", "{C7A0ECE2-8796-4342-9EC5-0922FEFD0024}"
EndProject
Global
	GlobalSection(SolutionConfigurationPlatforms) = preSolution
		Debug|Any CPU = Debug|Any CPU
		Release|Any CPU = Release|Any CPU
	EndGlobalSection
	GlobalSection(ProjectConfigurationPlatforms) = postSolution
		{9FBA258A-0A3F-45EB-BE5B-B469BCB94596}.Debug|Any CPU.ActiveCfg = Debug|Any CPU
		{9FBA258A-0A3F-45EB-BE5B-B469BCB94596}.Debug|Any CPU.Build.0 = Debug|Any CPU
		{9FBA258A-0A3F-45EB-BE5B-B469BCB94596}.Release|Any CPU.ActiveCfg = Release|Any CPU
		{9FBA258A-0A3F-45EB-BE5B-B469BCB94596}.Release|Any CPU.Build.0 = Release|Any CPU
		{967B1CD9-B6E3-463F-834B-830EB71DEE5B}.Debug|Any CPU.ActiveCfg = Debug|Any CPU
		{967B1CD9-B6E3-463F-834B-830EB71DEE5B}.Debug|Any CPU.Build.0 = Debug|Any CPU
		{967B1CD9-B6E3-463F-834B-830EB71DEE5B}.Release|Any CPU.ActiveCfg = Release|Any CPU
		{967B1CD9-B6E3-463F-834B-830EB71DEE5B}.Release|Any CPU.Build.0 = Release|Any CPU
		{7F02D1FB-6228-42D1-ADA0-5B8B20AD0D1E}.Debug|Any CPU.ActiveCfg = Debug|Any CPU
		{7F02D1FB-6228-42D1-ADA0-5B8B20AD0D1E}.Debug|Any CPU.Build.0 = Debug|Any CPU
		{7F02D1FB-6228-42D1-ADA0-5B8B20AD0D1E}.Release|Any CPU.ActiveCfg = Release|Any CPU
		{7F02D1FB-6228-42D1-ADA0-5B8B20AD0D1E}.Release|Any CPU.Build.0 = Release|Any CPU
		{C7A0ECE2-8796-4342-9EC5-0922FEFD0024}.Debug|Any CPU.ActiveCfg = Debug|Any CPU
		{C7A0ECE2-8796-4342-9EC5-0922FEFD0024}.Debug|Any CPU.Build.0 = Debug|Any CPU
		{C7A0ECE2-8796-4342-9EC5-0922FEFD0024}.Release|Any CPU.ActiveCfg = Release|Any CPU
		{C7A0ECE2-8796-4342-9EC5-0922FEFD0024}.Release|Any CPU.Build.0 = Release|Any CPU
	EndGlobalSection
	GlobalSection(SolutionProperties) = preSolution
		HideSolutionNode = FALSE
	EndGlobalSection
	GlobalSection(ExtensibilityGlobals) = postSolution
		SolutionGuid = {B2BBE2EF-6D27-4476-96A8-FDB7A3C6368F}
	EndGlobalSection
EndGlobal
